
Microsoft Visual Studio Solution File, Format Version 12.00
# Visual Studio Version 17
VisualStudioVersion = 17.9.34902.65
MinimumVisualStudioVersion = 10.0.40219.1
Project("{FAE04EC0-301F-11D3-BF4B-00C04F79EFBC}") = "NDSComicBookConverterConsole", "NDSComicBookConverterConsole.csproj", "{B2C1B114-DC5A-40CA-A5A1-FD6D41903117}"
EndProject
Global
	GlobalSection(SolutionConfigurationPlatforms) = preSolution
		Debug|Any CPU = Debug|Any CPU
		Release|Any CPU = Release|Any CPU
	EndGlobalSection
	GlobalSection(ProjectConfigurationPlatforms) = postSolution
		{B2C1B114-DC5A-40CA-A5A1-FD6D41903117}.Debug|Any CPU.ActiveCfg = Debug|Any CPU
		{B2C1B114-DC5A-40CA-A5A1-FD6D41903117}.Debug|Any CPU.Build.0 = Debug|Any CPU
		{B2C1B114-DC5A-40CA-A5A1-FD6D41903117}.Release|Any CPU.ActiveCfg = Release|Any CPU
		{B2C1B114-DC5A-40CA-A5A1-FD6D41903117}.Release|Any CPU.Build.0 = Release|Any CPU
	EndGlobalSection
	GlobalSection(SolutionProperties) = preSolution
		HideSolutionNode = FALSE
	EndGlobalSection
	GlobalSection(ExtensibilityGlobals) = postSolution
		SolutionGuid = {9FBF0E54-8DA9-4EFD-B92F-5AF096675950}
	EndGlobalSection
EndGlobal
